
Microsoft Visual Studio Solution File, Format Version 12.00
# Visual Studio Version 16
VisualStudioVersion = 16.0.32413.511
MinimumVisualStudioVersion = 10.0.40219.1
Project("{9A19103F-16F7-4668-BE54-9A1E7A4F7556}") = "Blast_C", "Blast_C\Blast_C.csproj", "{D5F379DE-6F25-47BF-84DD-ECCD43711611}"
EndProject
Project("{FAE04EC0-301F-11D3-BF4B-00C04F79EFBC}") = "Blast_CTests", "Blast_CTests\Blast_CTests.csproj", "{19E4F1DB-DEF0-4D41-8382-C11E1A58A4C8}"
EndProject
Global
	GlobalSection(SolutionConfigurationPlatforms) = preSolution
		Debug|Any CPU = Debug|Any CPU
		Release|Any CPU = Release|Any CPU
	EndGlobalSection
	GlobalSection(ProjectConfigurationPlatforms) = postSolution
		{D5F379DE-6F25-47BF-84DD-ECCD43711611}.Debug|Any CPU.ActiveCfg = Debug|Any CPU
		{D5F379DE-6F25-47BF-84DD-ECCD43711611}.Debug|Any CPU.Build.0 = Debug|Any CPU
		{D5F379DE-6F25-47BF-84DD-ECCD43711611}.Release|Any CPU.ActiveCfg = Release|Any CPU
		{D5F379DE-6F25-47BF-84DD-ECCD43711611}.Release|Any CPU.Build.0 = Release|Any CPU
		{19E4F1DB-DEF0-4D41-8382-C11E1A58A4C8}.Debug|Any CPU.ActiveCfg = Debug|Any CPU
		{19E4F1DB-DEF0-4D41-8382-C11E1A58A4C8}.Debug|Any CPU.Build.0 = Debug|Any CPU
		{19E4F1DB-DEF0-4D41-8382-C11E1A58A4C8}.Release|Any CPU.ActiveCfg = Release|Any CPU
		{19E4F1DB-DEF0-4D41-8382-C11E1A58A4C8}.Release|Any CPU.Build.0 = Release|Any CPU
	EndGlobalSection
	GlobalSection(SolutionProperties) = preSolution
		HideSolutionNode = FALSE
	EndGlobalSection
	GlobalSection(ExtensibilityGlobals) = postSolution
		SolutionGuid = {B4076BCE-2119-4016-9ECF-0F6483BD0DCA}
	EndGlobalSection
EndGlobal
