
Microsoft Visual Studio Solution File, Format Version 12.00
# Visual Studio Version 17
VisualStudioVersion = 17.1.32421.90
MinimumVisualStudioVersion = 10.0.40219.1
Project("{9A19103F-16F7-4668-BE54-9A1E7A4F7556}") = "Project", "Project\Project.csproj", "{D644E11C-AD2D-4C73-A8B6-E506D6D991D2}"
EndProject
Project("{FAE04EC0-301F-11D3-BF4B-00C04F79EFBC}") = "ProjectTests", "ProjectTests\ProjectTests.csproj", "{EA06B518-5514-46CD-A4A0-B8C187BEFFD4}"
EndProject
Global
	GlobalSection(SolutionConfigurationPlatforms) = preSolution
		Debug|Any CPU = Debug|Any CPU
		Release|Any CPU = Release|Any CPU
	EndGlobalSection
	GlobalSection(ProjectConfigurationPlatforms) = postSolution
		{D644E11C-AD2D-4C73-A8B6-E506D6D991D2}.Debug|Any CPU.ActiveCfg = Debug|Any CPU
		{D644E11C-AD2D-4C73-A8B6-E506D6D991D2}.Debug|Any CPU.Build.0 = Debug|Any CPU
		{D644E11C-AD2D-4C73-A8B6-E506D6D991D2}.Release|Any CPU.ActiveCfg = Release|Any CPU
		{D644E11C-AD2D-4C73-A8B6-E506D6D991D2}.Release|Any CPU.Build.0 = Release|Any CPU
		{EA06B518-5514-46CD-A4A0-B8C187BEFFD4}.Debug|Any CPU.ActiveCfg = Debug|Any CPU
		{EA06B518-5514-46CD-A4A0-B8C187BEFFD4}.Debug|Any CPU.Build.0 = Debug|Any CPU
		{EA06B518-5514-46CD-A4A0-B8C187BEFFD4}.Release|Any CPU.ActiveCfg = Release|Any CPU
		{EA06B518-5514-46CD-A4A0-B8C187BEFFD4}.Release|Any CPU.Build.0 = Release|Any CPU
	EndGlobalSection
	GlobalSection(SolutionProperties) = preSolution
		HideSolutionNode = FALSE
	EndGlobalSection
	GlobalSection(ExtensibilityGlobals) = postSolution
		SolutionGuid = {AF8F3628-1124-4780-9F92-8246ED27B59E}
	EndGlobalSection
EndGlobal
