
Microsoft Visual Studio Solution File, Format Version 12.00
# Visual Studio Version 16
VisualStudioVersion = 16.0.30517.126
MinimumVisualStudioVersion = 10.0.40219.1
Project("{FAE04EC0-301F-11D3-BF4B-00C04F79EFBC}") = "Project", "Project\Project.csproj", "{5F02BFC0-5B4D-4845-BC2A-8AC1AD77A885}"
EndProject
Project("{FAE04EC0-301F-11D3-BF4B-00C04F79EFBC}") = "Tests", "Tests\Tests.csproj", "{0E463D60-983B-4EA2-BBC2-CE6F0E819DBA}"
EndProject
Global
	GlobalSection(SolutionConfigurationPlatforms) = preSolution
		Debug|Any CPU = Debug|Any CPU
		Release|Any CPU = Release|Any CPU
	EndGlobalSection
	GlobalSection(ProjectConfigurationPlatforms) = postSolution
		{5F02BFC0-5B4D-4845-BC2A-8AC1AD77A885}.Debug|Any CPU.ActiveCfg = Debug|Any CPU
		{5F02BFC0-5B4D-4845-BC2A-8AC1AD77A885}.Debug|Any CPU.Build.0 = Debug|Any CPU
		{5F02BFC0-5B4D-4845-BC2A-8AC1AD77A885}.Release|Any CPU.ActiveCfg = Release|Any CPU
		{5F02BFC0-5B4D-4845-BC2A-8AC1AD77A885}.Release|Any CPU.Build.0 = Release|Any CPU
		{0E463D60-983B-4EA2-BBC2-CE6F0E819DBA}.Debug|Any CPU.ActiveCfg = Debug|Any CPU
		{0E463D60-983B-4EA2-BBC2-CE6F0E819DBA}.Debug|Any CPU.Build.0 = Debug|Any CPU
		{0E463D60-983B-4EA2-BBC2-CE6F0E819DBA}.Release|Any CPU.ActiveCfg = Release|Any CPU
		{0E463D60-983B-4EA2-BBC2-CE6F0E819DBA}.Release|Any CPU.Build.0 = Release|Any CPU
	EndGlobalSection
	GlobalSection(SolutionProperties) = preSolution
		HideSolutionNode = FALSE
	EndGlobalSection
	GlobalSection(ExtensibilityGlobals) = postSolution
		SolutionGuid = {E38B192B-0780-4A65-8DBC-376EED26D4B4}
	EndGlobalSection
EndGlobal
